
Microsoft Visual Studio Solution File, Format Version 12.00
# Visual Studio Version 17
VisualStudioVersion = 17.4.33122.133
MinimumVisualStudioVersion = 10.0.40219.1
Project("{FAE04EC0-301F-11D3-BF4B-00C04F79EFBC}") = "chatclient", "chatclient\chatclient.csproj", "{7F766884-92DB-4925-B26A-8438FE4A8392}"
EndProject
Global
	GlobalSection(SolutionConfigurationPlatforms) = preSolution
		Debug|Any CPU = Debug|Any CPU
		Release|Any CPU = Release|Any CPU
	EndGlobalSection
	GlobalSection(ProjectConfigurationPlatforms) = postSolution
		{7F766884-92DB-4925-B26A-8438FE4A8392}.Debug|Any CPU.ActiveCfg = Debug|Any CPU
		{7F766884-92DB-4925-B26A-8438FE4A8392}.Debug|Any CPU.Build.0 = Debug|Any CPU
		{7F766884-92DB-4925-B26A-8438FE4A8392}.Release|Any CPU.ActiveCfg = Release|Any CPU
		{7F766884-92DB-4925-B26A-8438FE4A8392}.Release|Any CPU.Build.0 = Release|Any CPU
	EndGlobalSection
	GlobalSection(SolutionProperties) = preSolution
		HideSolutionNode = FALSE
	EndGlobalSection
	GlobalSection(ExtensibilityGlobals) = postSolution
		SolutionGuid = {2C75F795-B1D4-4A97-9E01-B9DC96ACE3B3}
	EndGlobalSection
EndGlobal
